
Microsoft Visual Studio Solution File, Format Version 12.00
# Visual Studio Version 16
VisualStudioVersion = 16.0.32106.194
MinimumVisualStudioVersion = 10.0.40219.1
Project("{FAE04EC0-301F-11D3-BF4B-00C04F79EFBC}") = "RoofCreation", "CreationModelPlugin\RoofCreation.csproj", "{E69103AB-F460-49D5-AD27-413DAFE03975}"
EndProject
Global
	GlobalSection(SolutionConfigurationPlatforms) = preSolution
		Debug|Any CPU = Debug|Any CPU
		Release|Any CPU = Release|Any CPU
	EndGlobalSection
	GlobalSection(ProjectConfigurationPlatforms) = postSolution
		{E69103AB-F460-49D5-AD27-413DAFE03975}.Debug|Any CPU.ActiveCfg = Debug|Any CPU
		{E69103AB-F460-49D5-AD27-413DAFE03975}.Debug|Any CPU.Build.0 = Debug|Any CPU
		{E69103AB-F460-49D5-AD27-413DAFE03975}.Release|Any CPU.ActiveCfg = Release|Any CPU
		{E69103AB-F460-49D5-AD27-413DAFE03975}.Release|Any CPU.Build.0 = Release|Any CPU
	EndGlobalSection
	GlobalSection(SolutionProperties) = preSolution
		HideSolutionNode = FALSE
	EndGlobalSection
	GlobalSection(ExtensibilityGlobals) = postSolution
		SolutionGuid = {09C41E79-B3D7-4DD5-B9BE-204E42D005A7}
	EndGlobalSection
EndGlobal
